
Microsoft Visual Studio Solution File, Format Version 12.00
# Visual Studio Version 16
VisualStudioVersion = 16.0.31229.75
MinimumVisualStudioVersion = 10.0.40219.1
Project("{FAE04EC0-301F-11D3-BF4B-00C04F79EFBC}") = "WebApiAssignmentMVC", "WebApiAssignmentMVC\WebApiAssignmentMVC.csproj", "{1E49D656-5C53-4A52-84F7-6AA579182CBF}"
EndProject
Global
	GlobalSection(SolutionConfigurationPlatforms) = preSolution
		Debug|Any CPU = Debug|Any CPU
		Release|Any CPU = Release|Any CPU
	EndGlobalSection
	GlobalSection(ProjectConfigurationPlatforms) = postSolution
		{1E49D656-5C53-4A52-84F7-6AA579182CBF}.Debug|Any CPU.ActiveCfg = Debug|Any CPU
		{1E49D656-5C53-4A52-84F7-6AA579182CBF}.Debug|Any CPU.Build.0 = Debug|Any CPU
		{1E49D656-5C53-4A52-84F7-6AA579182CBF}.Release|Any CPU.ActiveCfg = Release|Any CPU
		{1E49D656-5C53-4A52-84F7-6AA579182CBF}.Release|Any CPU.Build.0 = Release|Any CPU
	EndGlobalSection
	GlobalSection(SolutionProperties) = preSolution
		HideSolutionNode = FALSE
	EndGlobalSection
	GlobalSection(ExtensibilityGlobals) = postSolution
		SolutionGuid = {A0D3F24D-EEBA-4B5D-B16E-57BB33B88826}
	EndGlobalSection
EndGlobal
